
Microsoft Visual Studio Solution File, Format Version 12.00
# Visual Studio 15
VisualStudioVersion = 15.0.28307.1062
MinimumVisualStudioVersion = 10.0.40219.1
Project("{8BC9CEB8-8B4A-11D0-8D11-00A0C91BC942}") = "Assignment_2", "Assignment_2\Assignment_2.vcxproj", "{7DD6B2F9-7D90-434C-ABA5-43A83D0F0FE6}"
EndProject
Project("{54435603-DBB4-11D2-8724-00A0C9A8B90C}") = "FastSort", "FastSort\FastSort.vdproj", "{D59AF271-CE8E-48E9-AC5D-F41CA124DE73}"
EndProject
Global
	GlobalSection(SolutionConfigurationPlatforms) = preSolution
		Debug|x64 = Debug|x64
		Debug|x86 = Debug|x86
		Release|x64 = Release|x64
		Release|x86 = Release|x86
	EndGlobalSection
	GlobalSection(ProjectConfigurationPlatforms) = postSolution
		{7DD6B2F9-7D90-434C-ABA5-43A83D0F0FE6}.Debug|x64.ActiveCfg = Debug|x64
		{7DD6B2F9-7D90-434C-ABA5-43A83D0F0FE6}.Debug|x64.Build.0 = Debug|x64
		{7DD6B2F9-7D90-434C-ABA5-43A83D0F0FE6}.Debug|x86.ActiveCfg = Debug|Win32
		{7DD6B2F9-7D90-434C-ABA5-43A83D0F0FE6}.Debug|x86.Build.0 = Debug|Win32
		{7DD6B2F9-7D90-434C-ABA5-43A83D0F0FE6}.Release|x64.ActiveCfg = Release|x64
		{7DD6B2F9-7D90-434C-ABA5-43A83D0F0FE6}.Release|x64.Build.0 = Release|x64
		{7DD6B2F9-7D90-434C-ABA5-43A83D0F0FE6}.Release|x86.ActiveCfg = Release|x64
		{7DD6B2F9-7D90-434C-ABA5-43A83D0F0FE6}.Release|x86.Build.0 = Release|x64
		{D59AF271-CE8E-48E9-AC5D-F41CA124DE73}.Debug|x64.ActiveCfg = Debug
		{D59AF271-CE8E-48E9-AC5D-F41CA124DE73}.Debug|x86.ActiveCfg = Debug
		{D59AF271-CE8E-48E9-AC5D-F41CA124DE73}.Release|x64.ActiveCfg = Release
		{D59AF271-CE8E-48E9-AC5D-F41CA124DE73}.Release|x86.ActiveCfg = Release
	EndGlobalSection
	GlobalSection(SolutionProperties) = preSolution
		HideSolutionNode = FALSE
	EndGlobalSection
	GlobalSection(ExtensibilityGlobals) = postSolution
		SolutionGuid = {F968EC00-D31E-4FFF-BE17-F410E8EC4CB6}
	EndGlobalSection
EndGlobal
